Microsoft Visual Studio Solution File, Format Version 12.00
# Visual Studio Version 17
VisualStudioVersion = 17.5.2.0
MinimumVisualStudioVersion = 10.0.40219.1
Project("{FAE04EC0-301F-11D3-BF4B-00C04F79EFBC}") = "Multi-Domain-Trading-Engine", "Multi-Domain-Trading-Engine.csproj", "{C3FE9624-904C-27FA-10A5-957F22BA268A}"
EndProject
Global
	GlobalSection(SolutionConfigurationPlatforms) = preSolution
		Debug|Any CPU = Debug|Any CPU
		Release|Any CPU = Release|Any CPU
	EndGlobalSection
	GlobalSection(ProjectConfigurationPlatforms) = postSolution
		{C3FE9624-904C-27FA-10A5-957F22BA268A}.Debug|Any CPU.ActiveCfg = Debug|Any CPU
		{C3FE9624-904C-27FA-10A5-957F22BA268A}.Debug|Any CPU.Build.0 = Debug|Any CPU
		{C3FE9624-904C-27FA-10A5-957F22BA268A}.Release|Any CPU.ActiveCfg = Release|Any CPU
		{C3FE9624-904C-27FA-10A5-957F22BA268A}.Release|Any CPU.Build.0 = Release|Any CPU
	EndGlobalSection
	GlobalSection(SolutionProperties) = preSolution
		HideSolutionNode = FALSE
	EndGlobalSection
	GlobalSection(ExtensibilityGlobals) = postSolution
		SolutionGuid = {B4308DE1-3145-40C9-8BDC-88A6818FCE1F}
	EndGlobalSection
EndGlobal
